
Microsoft Visual Studio Solution File, Format Version 12.00
# Visual Studio Version 16
VisualStudioVersion = 16.0.30225.117
MinimumVisualStudioVersion = 10.0.40219.1
Project("{2150E333-8FDC-42A3-9474-1A3956D46DE8}") = "Solution Items", "Solution Items", "{A1A8055C-4F7B-4A23-ADDC-6A3C68C75483}"
	ProjectSection(SolutionItems) = preProject
		README.md = README.md
	EndProjectSection
EndProject
Project("{2150E333-8FDC-42A3-9474-1A3956D46DE8}") = ".NET", ".NET", "{F7DA079C-6EA1-46A0-A271-33B823BEBB9C}"
EndProject
Project("{9A19103F-16F7-4668-BE54-9A1E7A4F7556}") = "MagmaSharp", "src\.net\MagmaSharp\MagmaSharp.csproj", "{4302DE7A-2736-4148-8B44-2A00F74FD1D1}"
EndProject
Project("{9A19103F-16F7-4668-BE54-9A1E7A4F7556}") = "MagmaSharp.TestApp", "src\.net\MagmaSharp.TestApp\MagmaSharp.TestApp.csproj", "{FD91D17F-0C29-4C7D-B8D0-B24243F6D782}"
EndProject
Project("{9A19103F-16F7-4668-BE54-9A1E7A4F7556}") = "MagmaSharp.XUnit", "test\MagmaSharp.XUnit\MagmaSharp.XUnit.csproj", "{A4D2839D-F238-40CE-89DD-480B272CB1D7}"
EndProject
Global
	GlobalSection(SolutionConfigurationPlatforms) = preSolution
		Debug|Any CPU = Debug|Any CPU
		Debug|x64 = Debug|x64
		Release|Any CPU = Release|Any CPU
		Release|x64 = Release|x64
	EndGlobalSection
	GlobalSection(ProjectConfigurationPlatforms) = postSolution
		{4302DE7A-2736-4148-8B44-2A00F74FD1D1}.Debug|Any CPU.ActiveCfg = Debug|Any CPU
		{4302DE7A-2736-4148-8B44-2A00F74FD1D1}.Debug|Any CPU.Build.0 = Debug|Any CPU
		{4302DE7A-2736-4148-8B44-2A00F74FD1D1}.Debug|x64.ActiveCfg = Debug|x64
		{4302DE7A-2736-4148-8B44-2A00F74FD1D1}.Debug|x64.Build.0 = Debug|x64
		{4302DE7A-2736-4148-8B44-2A00F74FD1D1}.Release|Any CPU.ActiveCfg = Release|Any CPU
		{4302DE7A-2736-4148-8B44-2A00F74FD1D1}.Release|Any CPU.Build.0 = Release|Any CPU
		{4302DE7A-2736-4148-8B44-2A00F74FD1D1}.Release|x64.ActiveCfg = Release|x64
		{4302DE7A-2736-4148-8B44-2A00F74FD1D1}.Release|x64.Build.0 = Release|x64
		{FD91D17F-0C29-4C7D-B8D0-B24243F6D782}.Debug|Any CPU.ActiveCfg = Debug|Any CPU
		{FD91D17F-0C29-4C7D-B8D0-B24243F6D782}.Debug|Any CPU.Build.0 = Debug|Any CPU
		{FD91D17F-0C29-4C7D-B8D0-B24243F6D782}.Debug|x64.ActiveCfg = Debug|x64
		{FD91D17F-0C29-4C7D-B8D0-B24243F6D782}.Debug|x64.Build.0 = Debug|x64
		{FD91D17F-0C29-4C7D-B8D0-B24243F6D782}.Release|Any CPU.ActiveCfg = Release|Any CPU
		{FD91D17F-0C29-4C7D-B8D0-B24243F6D782}.Release|Any CPU.Build.0 = Release|Any CPU
		{FD91D17F-0C29-4C7D-B8D0-B24243F6D782}.Release|x64.ActiveCfg = Release|x64
		{FD91D17F-0C29-4C7D-B8D0-B24243F6D782}.Release|x64.Build.0 = Release|x64
		{A4D2839D-F238-40CE-89DD-480B272CB1D7}.Debug|Any CPU.ActiveCfg = Debug|Any CPU
		{A4D2839D-F238-40CE-89DD-480B272CB1D7}.Debug|Any CPU.Build.0 = Debug|Any CPU
		{A4D2839D-F238-40CE-89DD-480B272CB1D7}.Debug|x64.ActiveCfg = Debug|x64
		{A4D2839D-F238-40CE-89DD-480B272CB1D7}.Debug|x64.Build.0 = Debug|x64
		{A4D2839D-F238-40CE-89DD-480B272CB1D7}.Release|Any CPU.ActiveCfg = Release|Any CPU
		{A4D2839D-F238-40CE-89DD-480B272CB1D7}.Release|Any CPU.Build.0 = Release|Any CPU
		{A4D2839D-F238-40CE-89DD-480B272CB1D7}.Release|x64.ActiveCfg = Release|x64
		{A4D2839D-F238-40CE-89DD-480B272CB1D7}.Release|x64.Build.0 = Release|x64
	EndGlobalSection
	GlobalSection(SolutionProperties) = preSolution
		HideSolutionNode = FALSE
	EndGlobalSection
	GlobalSection(NestedProjects) = preSolution
		{4302DE7A-2736-4148-8B44-2A00F74FD1D1} = {F7DA079C-6EA1-46A0-A271-33B823BEBB9C}
		{FD91D17F-0C29-4C7D-B8D0-B24243F6D782} = {F7DA079C-6EA1-46A0-A271-33B823BEBB9C}
		{A4D2839D-F238-40CE-89DD-480B272CB1D7} = {F7DA079C-6EA1-46A0-A271-33B823BEBB9C}
	EndGlobalSection
	GlobalSection(ExtensibilityGlobals) = postSolution
		SolutionGuid = {33F0E5E3-6DE1-4919-96C7-8322A60A109E}
	EndGlobalSection
EndGlobal
